
Microsoft Visual Studio Solution File, Format Version 12.00
# Visual Studio Version 16
VisualStudioVersion = 16.0.29230.47
MinimumVisualStudioVersion = 10.0.40219.1
Project("{FAE04EC0-301F-11D3-BF4B-00C04F79EFBC}") = "UnitTestProject1", "UnitTestProject1\UnitTestProject1.csproj", "{2B20D721-04C3-44CA-8D34-741A7DA602FE}"
EndProject
Project("{FAE04EC0-301F-11D3-BF4B-00C04F79EFBC}") = "ClassLibrary1", "ClassLibrary1\ClassLibrary1.csproj", "{3FC33882-6C68-4661-916B-8CBD00CB32B1}"
EndProject
Global
	GlobalSection(SolutionConfigurationPlatforms) = preSolution
		Debug|Any CPU = Debug|Any CPU
		Release|Any CPU = Release|Any CPU
	EndGlobalSection
	GlobalSection(ProjectConfigurationPlatforms) = postSolution
		{2B20D721-04C3-44CA-8D34-741A7DA602FE}.Debug|Any CPU.ActiveCfg = Debug|Any CPU
		{2B20D721-04C3-44CA-8D34-741A7DA602FE}.Debug|Any CPU.Build.0 = Debug|Any CPU
		{2B20D721-04C3-44CA-8D34-741A7DA602FE}.Release|Any CPU.ActiveCfg = Release|Any CPU
		{2B20D721-04C3-44CA-8D34-741A7DA602FE}.Release|Any CPU.Build.0 = Release|Any CPU
		{3FC33882-6C68-4661-916B-8CBD00CB32B1}.Debug|Any CPU.ActiveCfg = Debug|Any CPU
		{3FC33882-6C68-4661-916B-8CBD00CB32B1}.Debug|Any CPU.Build.0 = Debug|Any CPU
		{3FC33882-6C68-4661-916B-8CBD00CB32B1}.Release|Any CPU.ActiveCfg = Release|Any CPU
		{3FC33882-6C68-4661-916B-8CBD00CB32B1}.Release|Any CPU.Build.0 = Release|Any CPU
	EndGlobalSection
	GlobalSection(SolutionProperties) = preSolution
		HideSolutionNode = FALSE
	EndGlobalSection
	GlobalSection(ExtensibilityGlobals) = postSolution
		SolutionGuid = {CC58125A-5316-4A3F-99BF-646631A6A667}
	EndGlobalSection
EndGlobal
